
Microsoft Visual Studio Solution File, Format Version 12.00
# Visual Studio Version 16
VisualStudioVersion = 16.0.32510.428
MinimumVisualStudioVersion = 10.0.40219.1
Project("{FAE04EC0-301F-11D3-BF4B-00C04F79EFBC}") = "ElectronicStoreApp", "ElectronicStoreApp\ElectronicStoreApp.csproj", "{73E2D806-BA74-418D-8037-28C07FC2288F}"
EndProject
Global
	GlobalSection(SolutionConfigurationPlatforms) = preSolution
		Debug|Any CPU = Debug|Any CPU
		Release|Any CPU = Release|Any CPU
	EndGlobalSection
	GlobalSection(ProjectConfigurationPlatforms) = postSolution
		{73E2D806-BA74-418D-8037-28C07FC2288F}.Debug|Any CPU.ActiveCfg = Debug|Any CPU
		{73E2D806-BA74-418D-8037-28C07FC2288F}.Debug|Any CPU.Build.0 = Debug|Any CPU
		{73E2D806-BA74-418D-8037-28C07FC2288F}.Release|Any CPU.ActiveCfg = Release|Any CPU
		{73E2D806-BA74-418D-8037-28C07FC2288F}.Release|Any CPU.Build.0 = Release|Any CPU
	EndGlobalSection
	GlobalSection(SolutionProperties) = preSolution
		HideSolutionNode = FALSE
	EndGlobalSection
	GlobalSection(ExtensibilityGlobals) = postSolution
		SolutionGuid = {BC1CC33A-6A4D-4191-9026-9E8B74C73B25}
	EndGlobalSection
EndGlobal
