
Microsoft Visual Studio Solution File, Format Version 12.00
# Visual Studio Version 16
VisualStudioVersion = 16.0.32510.428
MinimumVisualStudioVersion = 10.0.40219.1
Project("{9A19103F-16F7-4668-BE54-9A1E7A4F7556}") = "ElectronicStoreApp", "ElectronicStoreApp\ElectronicStoreApp.csproj", "{73E2D806-BA74-418D-8037-28C07FC2288F}"
EndProject
Project("{00D1A9C2-B5F0-4AF3-8072-F6C62B433612}") = "Database1", "..\..\..\source\repos\Database1\Database1.sqlproj", "{05486F79-71E8-4179-A81A-7C3E003E81F8}"
EndProject
Global
	GlobalSection(SolutionConfigurationPlatforms) = preSolution
		Debug|Any CPU = Debug|Any CPU
		Release|Any CPU = Release|Any CPU
	EndGlobalSection
	GlobalSection(ProjectConfigurationPlatforms) = postSolution
		{73E2D806-BA74-418D-8037-28C07FC2288F}.Debug|Any CPU.ActiveCfg = Debug|Any CPU
		{73E2D806-BA74-418D-8037-28C07FC2288F}.Debug|Any CPU.Build.0 = Debug|Any CPU
		{73E2D806-BA74-418D-8037-28C07FC2288F}.Release|Any CPU.ActiveCfg = Release|Any CPU
		{73E2D806-BA74-418D-8037-28C07FC2288F}.Release|Any CPU.Build.0 = Release|Any CPU
		{05486F79-71E8-4179-A81A-7C3E003E81F8}.Debug|Any CPU.ActiveCfg = Debug|Any CPU
		{05486F79-71E8-4179-A81A-7C3E003E81F8}.Debug|Any CPU.Build.0 = Debug|Any CPU
		{05486F79-71E8-4179-A81A-7C3E003E81F8}.Debug|Any CPU.Deploy.0 = Debug|Any CPU
		{05486F79-71E8-4179-A81A-7C3E003E81F8}.Release|Any CPU.ActiveCfg = Release|Any CPU
		{05486F79-71E8-4179-A81A-7C3E003E81F8}.Release|Any CPU.Build.0 = Release|Any CPU
		{05486F79-71E8-4179-A81A-7C3E003E81F8}.Release|Any CPU.Deploy.0 = Release|Any CPU
	EndGlobalSection
	GlobalSection(SolutionProperties) = preSolution
		HideSolutionNode = FALSE
	EndGlobalSection
	GlobalSection(ExtensibilityGlobals) = postSolution
		SolutionGuid = {BC1CC33A-6A4D-4191-9026-9E8B74C73B25}
	EndGlobalSection
EndGlobal
